// !$*UTF8*$!
{
	archiveVersion = 1;
	classes = {
	};
	objectVersion = 56;
	objects = {

/* Begin PBXBuildFile section */
		240000110000000000000001 /* HelmMacApp.swift in Sources */ = {isa = PBXBuildFile; fileRef = 240000010000000000000001 /* HelmMacApp.swift */; };
		240000110000000000000002 /* ContentView.swift in Sources */ = {isa = PBXBuildFile; fileRef = 240000010000000000000002 /* ContentView.swift */; };
		240000110000000000000003 /* HelmEndpoint.swift in Sources */ = {isa = PBXBuildFile; fileRef = 240000010000000000000003 /* HelmEndpoint.swift */; };
		240000110000000000000004 /* HelmBonjourBrowser.swift in Sources */ = {isa = PBXBuildFile; fileRef = 240000010000000000000004 /* HelmBonjourBrowser.swift */; };
		240000110000000000000005 /* SerialConnectionDraft.swift in Sources */ = {isa = PBXBuildFile; fileRef = 240000010000000000000005 /* SerialConnectionDraft.swift */; };
		240000110000000000000006 /* SerialDeviceScanner.swift in Sources */ = {isa = PBXBuildFile; fileRef = 240000010000000000000006 /* SerialDeviceScanner.swift */; };
		240000110000000000000007 /* HelmConnectionController.swift in Sources */ = {isa = PBXBuildFile; fileRef = 240000010000000000000007 /* HelmConnectionController.swift */; };
/* End PBXBuildFile section */

/* Begin PBXFileReference section */
		240000010000000000000001 /* HelmMacApp.swift */ = {isa = PBXFileReference; lastKnownFileType = sourcecode.swift; path = HelmMacApp.swift; sourceTree = "<group>"; };
		240000010000000000000002 /* ContentView.swift */ = {isa = PBXFileReference; lastKnownFileType = sourcecode.swift; path = ContentView.swift; sourceTree = "<group>"; };
		240000010000000000000003 /* HelmEndpoint.swift */ = {isa = PBXFileReference; lastKnownFileType = sourcecode.swift; path = HelmEndpoint.swift; sourceTree = "<group>"; };
		240000010000000000000004 /* HelmBonjourBrowser.swift */ = {isa = PBXFileReference; lastKnownFileType = sourcecode.swift; path = HelmBonjourBrowser.swift; sourceTree = "<group>"; };
		240000010000000000000005 /* SerialConnectionDraft.swift */ = {isa = PBXFileReference; lastKnownFileType = sourcecode.swift; path = SerialConnectionDraft.swift; sourceTree = "<group>"; };
		240000010000000000000006 /* SerialDeviceScanner.swift */ = {isa = PBXFileReference; lastKnownFileType = sourcecode.swift; path = SerialDeviceScanner.swift; sourceTree = "<group>"; };
		240000010000000000000007 /* HelmConnectionController.swift */ = {isa = PBXFileReference; lastKnownFileType = sourcecode.swift; path = HelmConnectionController.swift; sourceTree = "<group>"; };
		240000010000000000000008 /* Info.plist */ = {isa = PBXFileReference; lastKnownFileType = text.plist.xml; path = Info.plist; sourceTree = "<group>"; };
		240000010000000000000009 /* HelmMac.app */ = {isa = PBXFileReference; explicitFileType = wrapper.application; includeInIndex = 0; path = HelmMac.app; sourceTree = BUILT_PRODUCTS_DIR; };
/* End PBXFileReference section */

/* Begin PBXFrameworksBuildPhase section */
		240000020000000000000001 /* Frameworks */ = {
			isa = PBXFrameworksBuildPhase;
			buildActionMask = 2147483647;
			files = (
			);
			runOnlyForDeploymentPostprocessing = 0;
		};
/* End PBXFrameworksBuildPhase section */

/* Begin PBXGroup section */
		240000030000000000000001 = {
			isa = PBXGroup;
			children = (
				240000030000000000000002 /* HelmMac */,
				240000030000000000000003 /* Products */,
			);
			sourceTree = "<group>";
		};
		240000030000000000000002 /* HelmMac */ = {
			isa = PBXGroup;
			children = (
				240000010000000000000001 /* HelmMacApp.swift */,
				240000010000000000000002 /* ContentView.swift */,
				240000010000000000000003 /* HelmEndpoint.swift */,
				240000010000000000000004 /* HelmBonjourBrowser.swift */,
				240000010000000000000005 /* SerialConnectionDraft.swift */,
				240000010000000000000006 /* SerialDeviceScanner.swift */,
				240000010000000000000007 /* HelmConnectionController.swift */,
				240000010000000000000008 /* Info.plist */,
			);
			path = HelmMac;
			sourceTree = "<group>";
		};
		240000030000000000000003 /* Products */ = {
			isa = PBXGroup;
			children = (
				240000010000000000000009 /* HelmMac.app */,
			);
			name = Products;
			sourceTree = "<group>";
		};
/* End PBXGroup section */

/* Begin PBXNativeTarget section */
		240000040000000000000001 /* HelmMac */ = {
			isa = PBXNativeTarget;
			buildConfigurationList = 240000090000000000000002 /* Build configuration list for PBXNativeTarget "HelmMac" */;
			buildPhases = (
				240000070000000000000001 /* Sources */,
				240000020000000000000001 /* Frameworks */,
				240000080000000000000001 /* Resources */,
			);
			buildRules = (
			);
			dependencies = (
			);
			name = HelmMac;
			productName = HelmMac;
			productReference = 240000010000000000000009 /* HelmMac.app */;
			productType = "com.apple.product-type.application";
		};
/* End PBXNativeTarget section */

/* Begin PBXProject section */
		240000050000000000000001 /* Project object */ = {
			isa = PBXProject;
			attributes = {
				BuildIndependentTargetsInParallel = 1;
				LastSwiftUpdateCheck = 2650;
				LastUpgradeCheck = 2650;
				TargetAttributes = {
					240000040000000000000001 = {
						CreatedOnToolsVersion = 26.5;
					};
				};
			};
			buildConfigurationList = 240000090000000000000001 /* Build configuration list for PBXProject "HelmMac" */;
			compatibilityVersion = "Xcode 15.0";
			developmentRegion = en;
			hasScannedForEncodings = 0;
			knownRegions = (
				en,
				Base,
			);
			mainGroup = 240000030000000000000001;
			productRefGroup = 240000030000000000000003 /* Products */;
			projectDirPath = "";
			projectRoot = "";
			targets = (
				240000040000000000000001 /* HelmMac */,
			);
		};
/* End PBXProject section */

/* Begin PBXResourcesBuildPhase section */
		240000080000000000000001 /* Resources */ = {
			isa = PBXResourcesBuildPhase;
			buildActionMask = 2147483647;
			files = (
			);
			runOnlyForDeploymentPostprocessing = 0;
		};
/* End PBXResourcesBuildPhase section */

/* Begin PBXSourcesBuildPhase section */
		240000070000000000000001 /* Sources */ = {
			isa = PBXSourcesBuildPhase;
			buildActionMask = 2147483647;
			files = (
				240000110000000000000001 /* HelmMacApp.swift in Sources */,
				240000110000000000000002 /* ContentView.swift in Sources */,
				240000110000000000000003 /* HelmEndpoint.swift in Sources */,
				240000110000000000000004 /* HelmBonjourBrowser.swift in Sources */,
				240000110000000000000005 /* SerialConnectionDraft.swift in Sources */,
				240000110000000000000006 /* SerialDeviceScanner.swift in Sources */,
				240000110000000000000007 /* HelmConnectionController.swift in Sources */,
			);
			runOnlyForDeploymentPostprocessing = 0;
		};
/* End PBXSourcesBuildPhase section */

/* Begin XCBuildConfiguration section */
		240000100000000000000001 /* Debug */ = {
			isa = XCBuildConfiguration;
			buildSettings = {
				ALWAYS_SEARCH_USER_PATHS = NO;
				CLANG_ANALYZER_NONNULL = YES;
				CLANG_ENABLE_MODULES = YES;
				CLANG_ENABLE_OBJC_ARC = YES;
				CLANG_WARN_BLOCK_CAPTURE_AUTORELEASING = YES;
				CLANG_WARN_BOOL_CONVERSION = YES;
				CLANG_WARN_COMMA = YES;
				CLANG_WARN_CONSTANT_CONVERSION = YES;
				CLANG_WARN_DEPRECATED_OBJC_IMPLEMENTATIONS = YES;
				CLANG_WARN_DOCUMENTATION_COMMENTS = YES;
				CLANG_WARN_EMPTY_BODY = YES;
				CLANG_WARN_ENUM_CONVERSION = YES;
				CLANG_WARN_INFINITE_RECURSION = YES;
				CLANG_WARN_INT_CONVERSION = YES;
				CLANG_WARN_NON_LITERAL_NULL_CONVERSION = YES;
				CLANG_WARN_OBJC_IMPLICIT_RETAIN_SELF = YES;
				CLANG_WARN_OBJC_LITERAL_CONVERSION = YES;
				CLANG_WARN_QUOTED_INCLUDE_IN_FRAMEWORK_HEADER = YES;
				CLANG_WARN_RANGE_LOOP_ANALYSIS = YES;
				CLANG_WARN_STRICT_PROTOTYPES = YES;
				CLANG_WARN_SUSPICIOUS_MOVE = YES;
				CLANG_WARN_UNGUARDED_AVAILABILITY = YES_AGGRESSIVE;
				CLANG_WARN_UNREACHABLE_CODE = YES;
				CLANG_WARN__DUPLICATE_METHOD_MATCH = YES;
				COPY_PHASE_STRIP = NO;
				DEBUG_INFORMATION_FORMAT = dwarf;
				ENABLE_STRICT_OBJC_MSGSEND = YES;
				ENABLE_TESTABILITY = YES;
				GCC_C_LANGUAGE_STANDARD = gnu17;
				GCC_DYNAMIC_NO_PIC = NO;
				GCC_NO_COMMON_BLOCKS = YES;
				GCC_OPTIMIZATION_LEVEL = 0;
				GCC_PREPROCESSOR_DEFINITIONS = (
					"DEBUG=1",
					"$(inherited)",
				);
				GCC_WARN_64_TO_32_BIT_CONVERSION = YES;
				GCC_WARN_ABOUT_RETURN_TYPE = YES_ERROR;
				GCC_WARN_UNDECLARED_SELECTOR = YES;
				GCC_WARN_UNINITIALIZED_AUTOS = YES_AGGRESSIVE;
				GCC_WARN_UNUSED_FUNCTION = YES;
				GCC_WARN_UNUSED_VARIABLE = YES;
				MACOSX_DEPLOYMENT_TARGET = 14.0;
				MTL_ENABLE_DEBUG_INFO = INCLUDE_SOURCE;
				MTL_FAST_MATH = YES;
				ONLY_ACTIVE_ARCH = YES;
				SDKROOT = macosx;
				SWIFT_ACTIVE_COMPILATION_CONDITIONS = DEBUG;
				SWIFT_OPTIMIZATION_LEVEL = "-Onone";
			};
			name = Debug;
		};
		240000100000000000000002 /* Release */ = {
			isa = XCBuildConfiguration;
			buildSettings = {
				ALWAYS_SEARCH_USER_PATHS = NO;
				CLANG_ANALYZER_NONNULL = YES;
				CLANG_ENABLE_MODULES = YES;
				CLANG_ENABLE_OBJC_ARC = YES;
				CLANG_WARN_BLOCK_CAPTURE_AUTORELEASING = YES;
				CLANG_WARN_BOOL_CONVERSION = YES;
				CLANG_WARN_COMMA = YES;
				CLANG_WARN_CONSTANT_CONVERSION = YES;
				CLANG_WARN_DEPRECATED_OBJC_IMPLEMENTATIONS = YES;
				CLANG_WARN_DOCUMENTATION_COMMENTS = YES;
				CLANG_WARN_EMPTY_BODY = YES;
				CLANG_WARN_ENUM_CONVERSION = YES;
				CLANG_WARN_INFINITE_RECURSION = YES;
				CLANG_WARN_INT_CONVERSION = YES;
				CLANG_WARN_NON_LITERAL_NULL_CONVERSION = YES;
				CLANG_WARN_OBJC_IMPLICIT_RETAIN_SELF = YES;
				CLANG_WARN_OBJC_LITERAL_CONVERSION = YES;
				CLANG_WARN_QUOTED_INCLUDE_IN_FRAMEWORK_HEADER = YES;
				CLANG_WARN_RANGE_LOOP_ANALYSIS = YES;
				CLANG_WARN_STRICT_PROTOTYPES = YES;
				CLANG_WARN_SUSPICIOUS_MOVE = YES;
				CLANG_WARN_UNGUARDED_AVAILABILITY = YES_AGGRESSIVE;
				CLANG_WARN_UNREACHABLE_CODE = YES;
				CLANG_WARN__DUPLICATE_METHOD_MATCH = YES;
				COPY_PHASE_STRIP = NO;
				DEBUG_INFORMATION_FORMAT = "dwarf-with-dsym";
				ENABLE_NS_ASSERTIONS = NO;
				ENABLE_STRICT_OBJC_MSGSEND = YES;
				GCC_C_LANGUAGE_STANDARD = gnu17;
				GCC_NO_COMMON_BLOCKS = YES;
				GCC_WARN_64_TO_32_BIT_CONVERSION = YES;
				GCC_WARN_ABOUT_RETURN_TYPE = YES_ERROR;
				GCC_WARN_UNDECLARED_SELECTOR = YES;
				GCC_WARN_UNINITIALIZED_AUTOS = YES_AGGRESSIVE;
				GCC_WARN_UNUSED_FUNCTION = YES;
				GCC_WARN_UNUSED_VARIABLE = YES;
				MACOSX_DEPLOYMENT_TARGET = 14.0;
				MTL_ENABLE_DEBUG_INFO = NO;
				MTL_FAST_MATH = YES;
				SDKROOT = macosx;
				SWIFT_COMPILATION_MODE = wholemodule;
				SWIFT_OPTIMIZATION_LEVEL = "-O";
			};
			name = Release;
		};
		240000100000000000000003 /* Debug */ = {
			isa = XCBuildConfiguration;
			buildSettings = {
				ASSETCATALOG_COMPILER_APPICON_NAME = "";
				CODE_SIGNING_ALLOWED = NO;
				CODE_SIGNING_STYLE = Manual;
				COMBINE_HIDPI_IMAGES = YES;
				GENERATE_INFOPLIST_FILE = NO;
				INFOPLIST_FILE = HelmMac/Info.plist;
				LD_RUNPATH_SEARCH_PATHS = (
					"$(inherited)",
					"@executable_path/../Frameworks",
				);
				MACOSX_DEPLOYMENT_TARGET = 14.0;
				PRODUCT_BUNDLE_IDENTIFIER = com.6thelementlabs.helm.mac;
				PRODUCT_NAME = "$(TARGET_NAME)";
				SWIFT_EMIT_LOC_STRINGS = YES;
				SWIFT_VERSION = 5.0;
			};
			name = Debug;
		};
		240000100000000000000004 /* Release */ = {
			isa = XCBuildConfiguration;
			buildSettings = {
				ASSETCATALOG_COMPILER_APPICON_NAME = "";
				CODE_SIGNING_ALLOWED = NO;
				CODE_SIGNING_STYLE = Manual;
				COMBINE_HIDPI_IMAGES = YES;
				GENERATE_INFOPLIST_FILE = NO;
				INFOPLIST_FILE = HelmMac/Info.plist;
				LD_RUNPATH_SEARCH_PATHS = (
					"$(inherited)",
					"@executable_path/../Frameworks",
				);
				MACOSX_DEPLOYMENT_TARGET = 14.0;
				PRODUCT_BUNDLE_IDENTIFIER = com.6thelementlabs.helm.mac;
				PRODUCT_NAME = "$(TARGET_NAME)";
				SWIFT_EMIT_LOC_STRINGS = YES;
				SWIFT_VERSION = 5.0;
			};
			name = Release;
		};
/* End XCBuildConfiguration section */

/* Begin XCConfigurationList section */
		240000090000000000000001 /* Build configuration list for PBXProject "HelmMac" */ = {
			isa = XCConfigurationList;
			buildConfigurations = (
				240000100000000000000001 /* Debug */,
				240000100000000000000002 /* Release */,
			);
			defaultConfigurationIsVisible = 0;
			defaultConfigurationName = Release;
		};
		240000090000000000000002 /* Build configuration list for PBXNativeTarget "HelmMac" */ = {
			isa = XCConfigurationList;
			buildConfigurations = (
				240000100000000000000003 /* Debug */,
				240000100000000000000004 /* Release */,
			);
			defaultConfigurationIsVisible = 0;
			defaultConfigurationName = Release;
		};
/* End XCConfigurationList section */
	};
	rootObject = 240000050000000000000001 /* Project object */;
}
